
Microsoft Visual Studio Solution File, Format Version 12.00
# Visual Studio Version 17
VisualStudioVersion = 17.8.34330.188
MinimumVisualStudioVersion = 10.0.40219.1
Project("{FAE04EC0-301F-11D3-BF4B-00C04F79EFBC}") = "ChaosMod", "ChaosMod\ChaosMod.csproj", "{CCF8B636-9EF1-4E0A-8427-16098D9A92D3}"
EndProject
Global
	GlobalSection(SolutionConfigurationPlatforms) = preSolution
		Debug|Any CPU = Debug|Any CPU
		Release|Any CPU = Release|Any CPU
	EndGlobalSection
	GlobalSection(ProjectConfigurationPlatforms) = postSolution
		{CCF8B636-9EF1-4E0A-8427-16098D9A92D3}.Debug|Any CPU.ActiveCfg = Debug|Any CPU
		{CCF8B636-9EF1-4E0A-8427-16098D9A92D3}.Debug|Any CPU.Build.0 = Debug|Any CPU
		{CCF8B636-9EF1-4E0A-8427-16098D9A92D3}.Release|Any CPU.ActiveCfg = Release|Any CPU
		{CCF8B636-9EF1-4E0A-8427-16098D9A92D3}.Release|Any CPU.Build.0 = Release|Any CPU
	EndGlobalSection
	GlobalSection(SolutionProperties) = preSolution
		HideSolutionNode = FALSE
	EndGlobalSection
	GlobalSection(ExtensibilityGlobals) = postSolution
		SolutionGuid = {129EF316-32E1-445B-B818-5D6B743A31B9}
	EndGlobalSection
EndGlobal
